
Microsoft Visual Studio Solution File, Format Version 12.00
# Visual Studio Version 17
VisualStudioVersion = 17.13.35828.75 d17.13
MinimumVisualStudioVersion = 10.0.40219.1
Project("{FAE04EC0-301F-11D3-BF4B-00C04F79EFBC}") = "RazorPagesMovie", "RazorPagesMovie\RazorPagesMovie.csproj", "{1E81CA3A-CBC1-4070-8237-156EDF61B96A}"
EndProject
Global
	GlobalSection(SolutionConfigurationPlatforms) = preSolution
		Debug|Any CPU = Debug|Any CPU
		Release|Any CPU = Release|Any CPU
	EndGlobalSection
	GlobalSection(ProjectConfigurationPlatforms) = postSolution
		{1E81CA3A-CBC1-4070-8237-156EDF61B96A}.Debug|Any CPU.ActiveCfg = Debug|Any CPU
		{1E81CA3A-CBC1-4070-8237-156EDF61B96A}.Debug|Any CPU.Build.0 = Debug|Any CPU
		{1E81CA3A-CBC1-4070-8237-156EDF61B96A}.Release|Any CPU.ActiveCfg = Release|Any CPU
		{1E81CA3A-CBC1-4070-8237-156EDF61B96A}.Release|Any CPU.Build.0 = Release|Any CPU
	EndGlobalSection
	GlobalSection(SolutionProperties) = preSolution
		HideSolutionNode = FALSE
	EndGlobalSection
	GlobalSection(ExtensibilityGlobals) = postSolution
		SolutionGuid = {473BD73E-35D2-4DC0-A259-E907665D793A}
	EndGlobalSection
EndGlobal
